
Microsoft Visual Studio Solution File, Format Version 12.00
# Visual Studio Version 17
VisualStudioVersion = 17.9.34701.34
MinimumVisualStudioVersion = 10.0.40219.1
Project("{FAE04EC0-301F-11D3-BF4B-00C04F79EFBC}") = "MagicVilla_API", "MagicVilla_API\MagicVilla_API.csproj", "{29BCFD64-6D4E-40B4-A175-EEBA33E0FC04}"
EndProject
Global
	GlobalSection(SolutionConfigurationPlatforms) = preSolution
		Debug|Any CPU = Debug|Any CPU
		Release|Any CPU = Release|Any CPU
	EndGlobalSection
	GlobalSection(ProjectConfigurationPlatforms) = postSolution
		{29BCFD64-6D4E-40B4-A175-EEBA33E0FC04}.Debug|Any CPU.ActiveCfg = Debug|Any CPU
		{29BCFD64-6D4E-40B4-A175-EEBA33E0FC04}.Debug|Any CPU.Build.0 = Debug|Any CPU
		{29BCFD64-6D4E-40B4-A175-EEBA33E0FC04}.Release|Any CPU.ActiveCfg = Release|Any CPU
		{29BCFD64-6D4E-40B4-A175-EEBA33E0FC04}.Release|Any CPU.Build.0 = Release|Any CPU
	EndGlobalSection
	GlobalSection(SolutionProperties) = preSolution
		HideSolutionNode = FALSE
	EndGlobalSection
	GlobalSection(ExtensibilityGlobals) = postSolution
		SolutionGuid = {119E6B50-0428-408C-8039-7E80F73EF056}
	EndGlobalSection
EndGlobal
